
Microsoft Visual Studio Solution File, Format Version 12.00
# Visual Studio 15
VisualStudioVersion = 15.0.28010.2046
MinimumVisualStudioVersion = 10.0.40219.1
Project("{FAE04EC0-301F-11D3-BF4B-00C04F79EFBC}") = "MakingSense.DopplerForShopify.ApiClient", "MakingSense.DopplerForShopify.ApiClient\MakingSense.DopplerForShopify.ApiClient.csproj", "{C239F765-D97D-4BCE-8738-DCC54E72B882}"
EndProject
Project("{FAE04EC0-301F-11D3-BF4B-00C04F79EFBC}") = "MakingSense.DopplerForShopify.ApiClient.Tests", "MakingSense.DopplerForShopify.ApiClient.Tests\MakingSense.DopplerForShopify.ApiClient.Tests.csproj", "{36E6D42A-6E12-4579-A953-B68F482CE79F}"
EndProject
Global
	GlobalSection(SolutionConfigurationPlatforms) = preSolution
		Debug|Any CPU = Debug|Any CPU
		Release|Any CPU = Release|Any CPU
	EndGlobalSection
	GlobalSection(ProjectConfigurationPlatforms) = postSolution
		{C239F765-D97D-4BCE-8738-DCC54E72B882}.Debug|Any CPU.ActiveCfg = Debug|Any CPU
		{C239F765-D97D-4BCE-8738-DCC54E72B882}.Debug|Any CPU.Build.0 = Debug|Any CPU
		{C239F765-D97D-4BCE-8738-DCC54E72B882}.Release|Any CPU.ActiveCfg = Release|Any CPU
		{C239F765-D97D-4BCE-8738-DCC54E72B882}.Release|Any CPU.Build.0 = Release|Any CPU
		{36E6D42A-6E12-4579-A953-B68F482CE79F}.Debug|Any CPU.ActiveCfg = Debug|Any CPU
		{36E6D42A-6E12-4579-A953-B68F482CE79F}.Debug|Any CPU.Build.0 = Debug|Any CPU
		{36E6D42A-6E12-4579-A953-B68F482CE79F}.Release|Any CPU.ActiveCfg = Release|Any CPU
		{36E6D42A-6E12-4579-A953-B68F482CE79F}.Release|Any CPU.Build.0 = Release|Any CPU
	EndGlobalSection
	GlobalSection(SolutionProperties) = preSolution
		HideSolutionNode = FALSE
	EndGlobalSection
	GlobalSection(ExtensibilityGlobals) = postSolution
		SolutionGuid = {BE597189-1E09-4F43-97E8-23EE8F9C9804}
	EndGlobalSection
EndGlobal
